
Microsoft Visual Studio Solution File, Format Version 12.00
# Visual Studio Version 16
VisualStudioVersion = 16.0.31112.23
MinimumVisualStudioVersion = 10.0.40219.1
Project("{9A19103F-16F7-4668-BE54-9A1E7A4F7556}") = "CampaignManager", "CampaignManager\CampaignManager.csproj", "{F41D9F32-FD6C-4921-B0FD-0B3CD1198CFA}"
EndProject
Project("{9A19103F-16F7-4668-BE54-9A1E7A4F7556}") = "TMS.NET06.TwitterListener.Manager.React", "TMS.NET06.TwitterListener.Manager.React\TMS.NET06.TwitterListener.Manager.React.csproj", "{92499A9F-7BF6-4A07-9163-B2EEB55E7D26}"
EndProject
Global
	GlobalSection(SolutionConfigurationPlatforms) = preSolution
		Debug|Any CPU = Debug|Any CPU
		Release|Any CPU = Release|Any CPU
	EndGlobalSection
	GlobalSection(ProjectConfigurationPlatforms) = postSolution
		{F41D9F32-FD6C-4921-B0FD-0B3CD1198CFA}.Debug|Any CPU.ActiveCfg = Debug|Any CPU
		{F41D9F32-FD6C-4921-B0FD-0B3CD1198CFA}.Debug|Any CPU.Build.0 = Debug|Any CPU
		{F41D9F32-FD6C-4921-B0FD-0B3CD1198CFA}.Release|Any CPU.ActiveCfg = Release|Any CPU
		{F41D9F32-FD6C-4921-B0FD-0B3CD1198CFA}.Release|Any CPU.Build.0 = Release|Any CPU
		{92499A9F-7BF6-4A07-9163-B2EEB55E7D26}.Debug|Any CPU.ActiveCfg = Debug|Any CPU
		{92499A9F-7BF6-4A07-9163-B2EEB55E7D26}.Debug|Any CPU.Build.0 = Debug|Any CPU
		{92499A9F-7BF6-4A07-9163-B2EEB55E7D26}.Release|Any CPU.ActiveCfg = Release|Any CPU
		{92499A9F-7BF6-4A07-9163-B2EEB55E7D26}.Release|Any CPU.Build.0 = Release|Any CPU
	EndGlobalSection
	GlobalSection(SolutionProperties) = preSolution
		HideSolutionNode = FALSE
	EndGlobalSection
	GlobalSection(ExtensibilityGlobals) = postSolution
		SolutionGuid = {42F50CC6-FD2A-45F7-A76C-32755A292865}
	EndGlobalSection
EndGlobal
